
Microsoft Visual Studio Solution File, Format Version 12.00
# Visual Studio Version 17
VisualStudioVersion = 17.3.32922.545
MinimumVisualStudioVersion = 10.0.40219.1
Project("{FAE04EC0-301F-11D3-BF4B-00C04F79EFBC}") = "Buylist.Domain", "Buylist.Domain\Buylist.Domain.csproj", "{63DEF55E-0AF8-4A65-96CE-668CE0785B4D}"
EndProject
Global
	GlobalSection(SolutionConfigurationPlatforms) = preSolution
		Debug|Any CPU = Debug|Any CPU
		Release|Any CPU = Release|Any CPU
	EndGlobalSection
	GlobalSection(ProjectConfigurationPlatforms) = postSolution
		{63DEF55E-0AF8-4A65-96CE-668CE0785B4D}.Debug|Any CPU.ActiveCfg = Debug|Any CPU
		{63DEF55E-0AF8-4A65-96CE-668CE0785B4D}.Debug|Any CPU.Build.0 = Debug|Any CPU
		{63DEF55E-0AF8-4A65-96CE-668CE0785B4D}.Release|Any CPU.ActiveCfg = Release|Any CPU
		{63DEF55E-0AF8-4A65-96CE-668CE0785B4D}.Release|Any CPU.Build.0 = Release|Any CPU
	EndGlobalSection
	GlobalSection(SolutionProperties) = preSolution
		HideSolutionNode = FALSE
	EndGlobalSection
	GlobalSection(ExtensibilityGlobals) = postSolution
		SolutionGuid = {DA61252E-F0C6-419C-9D84-941CC92550F7}
	EndGlobalSection
EndGlobal
